
Microsoft Visual Studio Solution File, Format Version 12.00
# Visual Studio Version 17
VisualStudioVersion = 17.9.34622.214
MinimumVisualStudioVersion = 10.0.40219.1
Project("{8BC9CEB8-8B4A-11D0-8D11-00A0C91BC942}") = "edrInjector", "edrInjector\edrInjector.vcxproj", "{200D1825-3271-4D9F-9F41-5BF6EA782E59}"
EndProject
Project("{8BC9CEB8-8B4A-11D0-8D11-00A0C91BC942}") = "edrAgent", "..\edrAgent\edrAgent\edrAgent.vcxproj", "{C1BE3831-9A5C-4818-A83A-3B8161CF1899}"
EndProject
Project("{8BC9CEB8-8B4A-11D0-8D11-00A0C91BC942}") = "kmdfEDR", "..\kmdfEDR\kmdfEDR\kmdfEDR.vcxproj", "{3A015772-2DDE-4F7E-99ED-A32562673E2A}"
EndProject
Global
	GlobalSection(SolutionConfigurationPlatforms) = preSolution
		Debug|ARM64 = Debug|ARM64
		Debug|x64 = Debug|x64
		Debug|x86 = Debug|x86
		Release|ARM64 = Release|ARM64
		Release|x64 = Release|x64
		Release|x86 = Release|x86
	EndGlobalSection
	GlobalSection(ProjectConfigurationPlatforms) = postSolution
		{200D1825-3271-4D9F-9F41-5BF6EA782E59}.Debug|ARM64.ActiveCfg = Debug|x64
		{200D1825-3271-4D9F-9F41-5BF6EA782E59}.Debug|ARM64.Build.0 = Debug|x64
		{200D1825-3271-4D9F-9F41-5BF6EA782E59}.Debug|x64.ActiveCfg = Debug|x64
		{200D1825-3271-4D9F-9F41-5BF6EA782E59}.Debug|x64.Build.0 = Debug|x64
		{200D1825-3271-4D9F-9F41-5BF6EA782E59}.Debug|x86.ActiveCfg = Debug|Win32
		{200D1825-3271-4D9F-9F41-5BF6EA782E59}.Debug|x86.Build.0 = Debug|Win32
		{200D1825-3271-4D9F-9F41-5BF6EA782E59}.Release|ARM64.ActiveCfg = Release|x64
		{200D1825-3271-4D9F-9F41-5BF6EA782E59}.Release|ARM64.Build.0 = Release|x64
		{200D1825-3271-4D9F-9F41-5BF6EA782E59}.Release|x64.ActiveCfg = Release|x64
		{200D1825-3271-4D9F-9F41-5BF6EA782E59}.Release|x64.Build.0 = Release|x64
		{200D1825-3271-4D9F-9F41-5BF6EA782E59}.Release|x86.ActiveCfg = Release|Win32
		{200D1825-3271-4D9F-9F41-5BF6EA782E59}.Release|x86.Build.0 = Release|Win32
		{C1BE3831-9A5C-4818-A83A-3B8161CF1899}.Debug|ARM64.ActiveCfg = Debug|x64
		{C1BE3831-9A5C-4818-A83A-3B8161CF1899}.Debug|ARM64.Build.0 = Debug|x64
		{C1BE3831-9A5C-4818-A83A-3B8161CF1899}.Debug|x64.ActiveCfg = Debug|x64
		{C1BE3831-9A5C-4818-A83A-3B8161CF1899}.Debug|x64.Build.0 = Debug|x64
		{C1BE3831-9A5C-4818-A83A-3B8161CF1899}.Debug|x86.ActiveCfg = Debug|Win32
		{C1BE3831-9A5C-4818-A83A-3B8161CF1899}.Debug|x86.Build.0 = Debug|Win32
		{C1BE3831-9A5C-4818-A83A-3B8161CF1899}.Release|ARM64.ActiveCfg = Release|x64
		{C1BE3831-9A5C-4818-A83A-3B8161CF1899}.Release|ARM64.Build.0 = Release|x64
		{C1BE3831-9A5C-4818-A83A-3B8161CF1899}.Release|x64.ActiveCfg = Release|x64
		{C1BE3831-9A5C-4818-A83A-3B8161CF1899}.Release|x64.Build.0 = Release|x64
		{C1BE3831-9A5C-4818-A83A-3B8161CF1899}.Release|x86.ActiveCfg = Release|Win32
		{C1BE3831-9A5C-4818-A83A-3B8161CF1899}.Release|x86.Build.0 = Release|Win32
		{3A015772-2DDE-4F7E-99ED-A32562673E2A}.Debug|ARM64.ActiveCfg = Debug|ARM64
		{3A015772-2DDE-4F7E-99ED-A32562673E2A}.Debug|ARM64.Build.0 = Debug|ARM64
		{3A015772-2DDE-4F7E-99ED-A32562673E2A}.Debug|ARM64.Deploy.0 = Debug|ARM64
		{3A015772-2DDE-4F7E-99ED-A32562673E2A}.Debug|x64.ActiveCfg = Debug|x64
		{3A015772-2DDE-4F7E-99ED-A32562673E2A}.Debug|x64.Build.0 = Debug|x64
		{3A015772-2DDE-4F7E-99ED-A32562673E2A}.Debug|x64.Deploy.0 = Debug|x64
		{3A015772-2DDE-4F7E-99ED-A32562673E2A}.Debug|x86.ActiveCfg = Debug|x64
		{3A015772-2DDE-4F7E-99ED-A32562673E2A}.Debug|x86.Build.0 = Debug|x64
		{3A015772-2DDE-4F7E-99ED-A32562673E2A}.Debug|x86.Deploy.0 = Debug|x64
		{3A015772-2DDE-4F7E-99ED-A32562673E2A}.Release|ARM64.ActiveCfg = Release|ARM64
		{3A015772-2DDE-4F7E-99ED-A32562673E2A}.Release|ARM64.Build.0 = Release|ARM64
		{3A015772-2DDE-4F7E-99ED-A32562673E2A}.Release|ARM64.Deploy.0 = Release|ARM64
		{3A015772-2DDE-4F7E-99ED-A32562673E2A}.Release|x64.ActiveCfg = Release|x64
		{3A015772-2DDE-4F7E-99ED-A32562673E2A}.Release|x64.Build.0 = Release|x64
		{3A015772-2DDE-4F7E-99ED-A32562673E2A}.Release|x64.Deploy.0 = Release|x64
		{3A015772-2DDE-4F7E-99ED-A32562673E2A}.Release|x86.ActiveCfg = Release|x64
		{3A015772-2DDE-4F7E-99ED-A32562673E2A}.Release|x86.Build.0 = Release|x64
		{3A015772-2DDE-4F7E-99ED-A32562673E2A}.Release|x86.Deploy.0 = Release|x64
	EndGlobalSection
	GlobalSection(SolutionProperties) = preSolution
		HideSolutionNode = FALSE
	EndGlobalSection
	GlobalSection(ExtensibilityGlobals) = postSolution
		SolutionGuid = {40658DC4-1A2F-4442-88E7-90BB0A3560A6}
	EndGlobalSection
EndGlobal
