
Microsoft Visual Studio Solution File, Format Version 12.00
# Visual Studio Version 17
VisualStudioVersion = 17.9.34622.214
MinimumVisualStudioVersion = 10.0.40219.1
Project("{8BC9CEB8-8B4A-11D0-8D11-00A0C91BC942}") = "edrAgent", "edrAgent\edrAgent\edrAgent.vcxproj", "{C1BE3831-9A5C-4818-A83A-3B8161CF1899}"
EndProject
Project("{8BC9CEB8-8B4A-11D0-8D11-00A0C91BC942}") = "edrDLL", "edrDLL\edrDLL\edrDLL.vcxproj", "{1A4614A4-4BEF-4067-BEAF-6D282284EC19}"
EndProject
Project("{8BC9CEB8-8B4A-11D0-8D11-00A0C91BC942}") = "edrInjector", "edrInjector\edrInjector\edrInjector.vcxproj", "{200D1825-3271-4D9F-9F41-5BF6EA782E59}"
EndProject
Project("{8BC9CEB8-8B4A-11D0-8D11-00A0C91BC942}") = "kmdfEDR", "kmdfEDR\kmdfEDR\kmdfEDR.vcxproj", "{3A015772-2DDE-4F7E-99ED-A32562673E2A}"
EndProject
Global
	GlobalSection(SolutionConfigurationPlatforms) = preSolution
		Debug|Any CPU = Debug|Any CPU
		Debug|ARM64 = Debug|ARM64
		Debug|x64 = Debug|x64
		Debug|x86 = Debug|x86
		Release|Any CPU = Release|Any CPU
		Release|ARM64 = Release|ARM64
		Release|x64 = Release|x64
		Release|x86 = Release|x86
	EndGlobalSection
	GlobalSection(ProjectConfigurationPlatforms) = postSolution
		{C1BE3831-9A5C-4818-A83A-3B8161CF1899}.Debug|Any CPU.ActiveCfg = Debug|x64
		{C1BE3831-9A5C-4818-A83A-3B8161CF1899}.Debug|Any CPU.Build.0 = Debug|x64
		{C1BE3831-9A5C-4818-A83A-3B8161CF1899}.Debug|ARM64.ActiveCfg = Debug|x64
		{C1BE3831-9A5C-4818-A83A-3B8161CF1899}.Debug|ARM64.Build.0 = Debug|x64
		{C1BE3831-9A5C-4818-A83A-3B8161CF1899}.Debug|x64.ActiveCfg = Debug|x64
		{C1BE3831-9A5C-4818-A83A-3B8161CF1899}.Debug|x64.Build.0 = Debug|x64
		{C1BE3831-9A5C-4818-A83A-3B8161CF1899}.Debug|x86.ActiveCfg = Debug|Win32
		{C1BE3831-9A5C-4818-A83A-3B8161CF1899}.Debug|x86.Build.0 = Debug|Win32
		{C1BE3831-9A5C-4818-A83A-3B8161CF1899}.Release|Any CPU.ActiveCfg = Release|x64
		{C1BE3831-9A5C-4818-A83A-3B8161CF1899}.Release|Any CPU.Build.0 = Release|x64
		{C1BE3831-9A5C-4818-A83A-3B8161CF1899}.Release|ARM64.ActiveCfg = Release|x64
		{C1BE3831-9A5C-4818-A83A-3B8161CF1899}.Release|ARM64.Build.0 = Release|x64
		{C1BE3831-9A5C-4818-A83A-3B8161CF1899}.Release|x64.ActiveCfg = Release|x64
		{C1BE3831-9A5C-4818-A83A-3B8161CF1899}.Release|x64.Build.0 = Release|x64
		{C1BE3831-9A5C-4818-A83A-3B8161CF1899}.Release|x86.ActiveCfg = Release|Win32
		{C1BE3831-9A5C-4818-A83A-3B8161CF1899}.Release|x86.Build.0 = Release|Win32
		{1A4614A4-4BEF-4067-BEAF-6D282284EC19}.Debug|Any CPU.ActiveCfg = Debug|x64
		{1A4614A4-4BEF-4067-BEAF-6D282284EC19}.Debug|Any CPU.Build.0 = Debug|x64
		{1A4614A4-4BEF-4067-BEAF-6D282284EC19}.Debug|ARM64.ActiveCfg = Debug|x64
		{1A4614A4-4BEF-4067-BEAF-6D282284EC19}.Debug|ARM64.Build.0 = Debug|x64
		{1A4614A4-4BEF-4067-BEAF-6D282284EC19}.Debug|x64.ActiveCfg = Debug|x64
		{1A4614A4-4BEF-4067-BEAF-6D282284EC19}.Debug|x64.Build.0 = Debug|x64
		{1A4614A4-4BEF-4067-BEAF-6D282284EC19}.Debug|x86.ActiveCfg = Debug|Win32
		{1A4614A4-4BEF-4067-BEAF-6D282284EC19}.Debug|x86.Build.0 = Debug|Win32
		{1A4614A4-4BEF-4067-BEAF-6D282284EC19}.Release|Any CPU.ActiveCfg = Release|x64
		{1A4614A4-4BEF-4067-BEAF-6D282284EC19}.Release|Any CPU.Build.0 = Release|x64
		{1A4614A4-4BEF-4067-BEAF-6D282284EC19}.Release|ARM64.ActiveCfg = Release|x64
		{1A4614A4-4BEF-4067-BEAF-6D282284EC19}.Release|ARM64.Build.0 = Release|x64
		{1A4614A4-4BEF-4067-BEAF-6D282284EC19}.Release|x64.ActiveCfg = Release|x64
		{1A4614A4-4BEF-4067-BEAF-6D282284EC19}.Release|x64.Build.0 = Release|x64
		{1A4614A4-4BEF-4067-BEAF-6D282284EC19}.Release|x86.ActiveCfg = Release|Win32
		{1A4614A4-4BEF-4067-BEAF-6D282284EC19}.Release|x86.Build.0 = Release|Win32
		{200D1825-3271-4D9F-9F41-5BF6EA782E59}.Debug|Any CPU.ActiveCfg = Debug|x64
		{200D1825-3271-4D9F-9F41-5BF6EA782E59}.Debug|Any CPU.Build.0 = Debug|x64
		{200D1825-3271-4D9F-9F41-5BF6EA782E59}.Debug|ARM64.ActiveCfg = Debug|x64
		{200D1825-3271-4D9F-9F41-5BF6EA782E59}.Debug|ARM64.Build.0 = Debug|x64
		{200D1825-3271-4D9F-9F41-5BF6EA782E59}.Debug|x64.ActiveCfg = Debug|x64
		{200D1825-3271-4D9F-9F41-5BF6EA782E59}.Debug|x64.Build.0 = Debug|x64
		{200D1825-3271-4D9F-9F41-5BF6EA782E59}.Debug|x86.ActiveCfg = Debug|Win32
		{200D1825-3271-4D9F-9F41-5BF6EA782E59}.Debug|x86.Build.0 = Debug|Win32
		{200D1825-3271-4D9F-9F41-5BF6EA782E59}.Release|Any CPU.ActiveCfg = Release|x64
		{200D1825-3271-4D9F-9F41-5BF6EA782E59}.Release|Any CPU.Build.0 = Release|x64
		{200D1825-3271-4D9F-9F41-5BF6EA782E59}.Release|ARM64.ActiveCfg = Release|x64
		{200D1825-3271-4D9F-9F41-5BF6EA782E59}.Release|ARM64.Build.0 = Release|x64
		{200D1825-3271-4D9F-9F41-5BF6EA782E59}.Release|x64.ActiveCfg = Release|x64
		{200D1825-3271-4D9F-9F41-5BF6EA782E59}.Release|x64.Build.0 = Release|x64
		{200D1825-3271-4D9F-9F41-5BF6EA782E59}.Release|x86.ActiveCfg = Release|Win32
		{200D1825-3271-4D9F-9F41-5BF6EA782E59}.Release|x86.Build.0 = Release|Win32
		{3A015772-2DDE-4F7E-99ED-A32562673E2A}.Debug|Any CPU.ActiveCfg = Debug|x64
		{3A015772-2DDE-4F7E-99ED-A32562673E2A}.Debug|Any CPU.Build.0 = Debug|x64
		{3A015772-2DDE-4F7E-99ED-A32562673E2A}.Debug|Any CPU.Deploy.0 = Debug|x64
		{3A015772-2DDE-4F7E-99ED-A32562673E2A}.Debug|ARM64.ActiveCfg = Debug|ARM64
		{3A015772-2DDE-4F7E-99ED-A32562673E2A}.Debug|ARM64.Build.0 = Debug|ARM64
		{3A015772-2DDE-4F7E-99ED-A32562673E2A}.Debug|ARM64.Deploy.0 = Debug|ARM64
		{3A015772-2DDE-4F7E-99ED-A32562673E2A}.Debug|x64.ActiveCfg = Debug|x64
		{3A015772-2DDE-4F7E-99ED-A32562673E2A}.Debug|x64.Build.0 = Debug|x64
		{3A015772-2DDE-4F7E-99ED-A32562673E2A}.Debug|x64.Deploy.0 = Debug|x64
		{3A015772-2DDE-4F7E-99ED-A32562673E2A}.Debug|x86.ActiveCfg = Debug|x64
		{3A015772-2DDE-4F7E-99ED-A32562673E2A}.Debug|x86.Build.0 = Debug|x64
		{3A015772-2DDE-4F7E-99ED-A32562673E2A}.Debug|x86.Deploy.0 = Debug|x64
		{3A015772-2DDE-4F7E-99ED-A32562673E2A}.Release|Any CPU.ActiveCfg = Release|x64
		{3A015772-2DDE-4F7E-99ED-A32562673E2A}.Release|Any CPU.Build.0 = Release|x64
		{3A015772-2DDE-4F7E-99ED-A32562673E2A}.Release|Any CPU.Deploy.0 = Release|x64
		{3A015772-2DDE-4F7E-99ED-A32562673E2A}.Release|ARM64.ActiveCfg = Release|ARM64
		{3A015772-2DDE-4F7E-99ED-A32562673E2A}.Release|ARM64.Build.0 = Release|ARM64
		{3A015772-2DDE-4F7E-99ED-A32562673E2A}.Release|ARM64.Deploy.0 = Release|ARM64
		{3A015772-2DDE-4F7E-99ED-A32562673E2A}.Release|x64.ActiveCfg = Release|x64
		{3A015772-2DDE-4F7E-99ED-A32562673E2A}.Release|x64.Build.0 = Release|x64
		{3A015772-2DDE-4F7E-99ED-A32562673E2A}.Release|x64.Deploy.0 = Release|x64
		{3A015772-2DDE-4F7E-99ED-A32562673E2A}.Release|x86.ActiveCfg = Release|x64
		{3A015772-2DDE-4F7E-99ED-A32562673E2A}.Release|x86.Build.0 = Release|x64
		{3A015772-2DDE-4F7E-99ED-A32562673E2A}.Release|x86.Deploy.0 = Release|x64
	EndGlobalSection
	GlobalSection(SolutionProperties) = preSolution
		HideSolutionNode = FALSE
	EndGlobalSection
	GlobalSection(ExtensibilityGlobals) = postSolution
		SolutionGuid = {EFA5A986-29D5-4DF7-8F2B-E08790301D5A}
	EndGlobalSection
EndGlobal
